
Microsoft Visual Studio Solution File, Format Version 12.00
# Visual Studio 14
VisualStudioVersion = 14.0.24720.0
MinimumVisualStudioVersion = 10.0.40219.1
Project("{FAE04EC0-301F-11D3-BF4B-00C04F79EFBC}") = "IdentityModel.Owin.PopAuthentication", "src\IdentityModel.Owin.PopAuthentication\IdentityModel.Owin.PopAuthentication.csproj", "{6F13A133-366B-478C-BC0B-6C91A5014419}"
EndProject
Project("{FAE04EC0-301F-11D3-BF4B-00C04F79EFBC}") = "IdentityModel.Owin.PopAuthentication.Tests", "src\IdentityModel.Owin.PopAuthentication.Tests\IdentityModel.Owin.PopAuthentication.Tests.csproj", "{F3E6D744-DAA9-401E-B952-013F81C51D7B}"
EndProject
Global
	GlobalSection(SolutionConfigurationPlatforms) = preSolution
		Debug|Any CPU = Debug|Any CPU
		Release|Any CPU = Release|Any CPU
	EndGlobalSection
	GlobalSection(ProjectConfigurationPlatforms) = postSolution
		{6F13A133-366B-478C-BC0B-6C91A5014419}.Debug|Any CPU.ActiveCfg = Debug|Any CPU
		{6F13A133-366B-478C-BC0B-6C91A5014419}.Debug|Any CPU.Build.0 = Debug|Any CPU
		{6F13A133-366B-478C-BC0B-6C91A5014419}.Release|Any CPU.ActiveCfg = Release|Any CPU
		{6F13A133-366B-478C-BC0B-6C91A5014419}.Release|Any CPU.Build.0 = Release|Any CPU
		{F3E6D744-DAA9-401E-B952-013F81C51D7B}.Debug|Any CPU.ActiveCfg = Debug|Any CPU
		{F3E6D744-DAA9-401E-B952-013F81C51D7B}.Debug|Any CPU.Build.0 = Debug|Any CPU
		{F3E6D744-DAA9-401E-B952-013F81C51D7B}.Release|Any CPU.ActiveCfg = Release|Any CPU
		{F3E6D744-DAA9-401E-B952-013F81C51D7B}.Release|Any CPU.Build.0 = Release|Any CPU
	EndGlobalSection
	GlobalSection(SolutionProperties) = preSolution
		HideSolutionNode = FALSE
	EndGlobalSection
EndGlobal
